
Microsoft Visual Studio Solution File, Format Version 12.00
# Visual Studio 15
VisualStudioVersion = 15.0.27428.2037
MinimumVisualStudioVersion = 10.0.40219.1
Project("{FAE04EC0-301F-11D3-BF4B-00C04F79EFBC}") = "BrickBreaker", "BrickBreaker\BrickBreaker.csproj", "{5E7E4DEE-9681-4217-B87F-5CE71391A7AE}"
EndProject
Global
	GlobalSection(SolutionConfigurationPlatforms) = preSolution
		Debug|Any CPU = Debug|Any CPU
		Release|Any CPU = Release|Any CPU
	EndGlobalSection
	GlobalSection(ProjectConfigurationPlatforms) = postSolution
		{5E7E4DEE-9681-4217-B87F-5CE71391A7AE}.Debug|Any CPU.ActiveCfg = Debug|Any CPU
		{5E7E4DEE-9681-4217-B87F-5CE71391A7AE}.Debug|Any CPU.Build.0 = Debug|Any CPU
		{5E7E4DEE-9681-4217-B87F-5CE71391A7AE}.Release|Any CPU.ActiveCfg = Release|Any CPU
		{5E7E4DEE-9681-4217-B87F-5CE71391A7AE}.Release|Any CPU.Build.0 = Release|Any CPU
	EndGlobalSection
	GlobalSection(SolutionProperties) = preSolution
		HideSolutionNode = FALSE
	EndGlobalSection
	GlobalSection(ExtensibilityGlobals) = postSolution
		SolutionGuid = {2C901216-2DE5-42B5-86DA-99306FF5C4E5}
	EndGlobalSection
EndGlobal
